// !$*UTF8*$!
{
	archiveVersion = 1;
	classes = {
	};
	objectVersion = 46;
	objects = {

/* Begin PBXBuildFile section */
		6EEE46AC1BE46A370055D68C /* AppDelegate.swift in Sources */ = {isa = PBXBuildFile; fileRef = 6EEE46AB1BE46A370055D68C /* AppDelegate.swift */; };
		6EEE46B61BE46A370055D68C /* LaunchScreen.storyboard in Resources */ = {isa = PBXBuildFile; fileRef = 6EEE46B41BE46A370055D68C /* LaunchScreen.storyboard */; };
		6EEE46C11BE46A370055D68C /* Hello_WorldTests.swift in Sources */ = {isa = PBXBuildFile; fileRef = 6EEE46C01BE46A370055D68C /* Hello_WorldTests.swift */; };
		6EEE46CC1BE46A370055D68C /* Hello_WorldUITests.swift in Sources */ = {isa = PBXBuildFile; fileRef = 6EEE46CB1BE46A370055D68C /* Hello_WorldUITests.swift */; };
		6EEE46DC1BE46E180055D68C /* HelloViewController.swift in Sources */ = {isa = PBXBuildFile; fileRef = 6EEE46DB1BE46E180055D68C /* HelloViewController.swift */; };
/* End PBXBuildFile section */

/* Begin PBXContainerItemProxy section */
		6EEE46BD1BE46A370055D68C /* PBXContainerItemProxy */ = {
			isa = PBXContainerItemProxy;
			containerPortal = 6EEE46A01BE46A370055D68C /* Project object */;
			proxyType = 1;
			remoteGlobalIDString = 6EEE46A71BE46A370055D68C;
			remoteInfo = "Hello World";
		};
		6EEE46C81BE46A370055D68C /* PBXContainerItemProxy */ = {
			isa = PBXContainerItemProxy;
			containerPortal = 6EEE46A01BE46A370055D68C /* Project object */;
			proxyType = 1;
			remoteGlobalIDString = 6EEE46A71BE46A370055D68C;
			remoteInfo = "Hello World";
		};
/* End PBXContainerItemProxy section */

/* Begin PBXFileReference section */
		6EEE46A81BE46A370055D68C /* Hello World.app */ = {isa = PBXFileReference; explicitFileType = wrapper.application; includeInIndex = 0; path = "Hello World.app"; sourceTree = BUILT_PRODUCTS_DIR; };
		6EEE46AB1BE46A370055D68C /* AppDelegate.swift */ = {isa = PBXFileReference; lastKnownFileType = sourcecode.swift; path = AppDelegate.swift; sourceTree = "<group>"; };
		6EEE46B51BE46A370055D68C /* Base */ = {isa = PBXFileReference; lastKnownFileType = file.storyboard; name = Base; path = Base.lproj/LaunchScreen.storyboard; sourceTree = "<group>"; };
		6EEE46B71BE46A370055D68C /* Info.plist */ = {isa = PBXFileReference; lastKnownFileType = text.plist.xml; path = Info.plist; sourceTree = "<group>"; };
		6EEE46BC1BE46A370055D68C /* Hello WorldTests.xctest */ = {isa = PBXFileReference; explicitFileType = wrapper.cfbundle; includeInIndex = 0; path = "Hello WorldTests.xctest"; sourceTree = BUILT_PRODUCTS_DIR; };
		6EEE46C01BE46A370055D68C /* Hello_WorldTests.swift */ = {isa = PBXFileReference; lastKnownFileType = sourcecode.swift; path = Hello_WorldTests.swift; sourceTree = "<group>"; };
		6EEE46C21BE46A370055D68C /* Info.plist */ = {isa = PBXFileReference; lastKnownFileType = text.plist.xml; path = Info.plist; sourceTree = "<group>"; };
		6EEE46C71BE46A370055D68C /* Hello WorldUITests.xctest */ = {isa = PBXFileReference; explicitFileType = wrapper.cfbundle; includeInIndex = 0; path = "Hello WorldUITests.xctest"; sourceTree = BUILT_PRODUCTS_DIR; };
		6EEE46CB1BE46A370055D68C /* Hello_WorldUITests.swift */ = {isa = PBXFileReference; lastKnownFileType = sourcecode.swift; path = Hello_WorldUITests.swift; sourceTree = "<group>"; };
		6EEE46CD1BE46A370055D68C /* Info.plist */ = {isa = PBXFileReference; lastKnownFileType = text.plist.xml; path = Info.plist; sourceTree = "<group>"; };
		6EEE46DB1BE46E180055D68C /* HelloViewController.swift */ = {isa = PBXFileReference; fileEncoding = 4; lastKnownFileType = sourcecode.swift; path = HelloViewController.swift; sourceTree = "<group>"; };
/* End PBXFileReference section */

/* Begin PBXFrameworksBuildPhase section */
		6EEE46A51BE46A370055D68C /* Frameworks */ = {
			isa = PBXFrameworksBuildPhase;
			buildActionMask = 2147483647;
			files = (
			);
			runOnlyForDeploymentPostprocessing = 0;
		};
		6EEE46B91BE46A370055D68C /* Frameworks */ = {
			isa = PBXFrameworksBuildPhase;
			buildActionMask = 2147483647;
			files = (
			);
			runOnlyForDeploymentPostprocessing = 0;
		};
		6EEE46C41BE46A370055D68C /* Frameworks */ = {
			isa = PBXFrameworksBuildPhase;
			buildActionMask = 2147483647;
			files = (
			);
			runOnlyForDeploymentPostprocessing = 0;
		};
/* End PBXFrameworksBuildPhase section */

/* Begin PBXGroup section */
		6EEE469F1BE46A370055D68C = {
			isa = PBXGroup;
			children = (
				6EEE46AA1BE46A370055D68C /* Hello World */,
				6EEE46BF1BE46A370055D68C /* Hello WorldTests */,
				6EEE46CA1BE46A370055D68C /* Hello WorldUITests */,
				6EEE46A91BE46A370055D68C /* Products */,
			);
			sourceTree = "<group>";
		};
		6EEE46A91BE46A370055D68C /* Products */ = {
			isa = PBXGroup;
			children = (
				6EEE46A81BE46A370055D68C /* Hello World.app */,
				6EEE46BC1BE46A370055D68C /* Hello WorldTests.xctest */,
				6EEE46C71BE46A370055D68C /* Hello WorldUITests.xctest */,
			);
			name = Products;
			sourceTree = "<group>";
		};
		6EEE46AA1BE46A370055D68C /* Hello World */ = {
			isa = PBXGroup;
			children = (
				6EEE46AB1BE46A370055D68C /* AppDelegate.swift */,
				6EEE46DB1BE46E180055D68C /* HelloViewController.swift */,
				6EEE46B41BE46A370055D68C /* LaunchScreen.storyboard */,
				6EEE46B71BE46A370055D68C /* Info.plist */,
			);
			path = "Hello World";
			sourceTree = "<group>";
		};
		6EEE46BF1BE46A370055D68C /* Hello WorldTests */ = {
			isa = PBXGroup;
			children = (
				6EEE46C01BE46A370055D68C /* Hello_WorldTests.swift */,
				6EEE46C21BE46A370055D68C /* Info.plist */,
			);
			path = "Hello WorldTests";
			sourceTree = "<group>";
		};
		6EEE46CA1BE46A370055D68C /* Hello WorldUITests */ = {
			isa = PBXGroup;
			children = (
				6EEE46CB1BE46A370055D68C /* Hello_WorldUITests.swift */,
				6EEE46CD1BE46A370055D68C /* Info.plist */,
			);
			path = "Hello WorldUITests";
			sourceTree = "<group>";
		};
/* End PBXGroup section */

/* Begin PBXNativeTarget section */
		6EEE46A71BE46A370055D68C /* Hello World */ = {
			isa = PBXNativeTarget;
			buildConfigurationList = 6EEE46D01BE46A370055D68C /* Build configuration list for PBXNativeTarget "Hello World" */;
			buildPhases = (
				6EEE46A41BE46A370055D68C /* Sources */,
				6EEE46A51BE46A370055D68C /* Frameworks */,
				6EEE46A61BE46A370055D68C /* Resources */,
			);
			buildRules = (
			);
			dependencies = (
			);
			name = "Hello World";
			productName = "Hello World";
			productReference = 6EEE46A81BE46A370055D68C /* Hello World.app */;
			productType = "com.apple.product-type.application";
		};
		6EEE46BB1BE46A370055D68C /* Hello WorldTests */ = {
			isa = PBXNativeTarget;
			buildConfigurationList = 6EEE46D31BE46A370055D68C /* Build configuration list for PBXNativeTarget "Hello WorldTests" */;
			buildPhases = (
				6EEE46B81BE46A370055D68C /* Sources */,
				6EEE46B91BE46A370055D68C /* Frameworks */,
				6EEE46BA1BE46A370055D68C /* Resources */,
			);
			buildRules = (
			);
			dependencies = (
				6EEE46BE1BE46A370055D68C /* PBXTargetDependency */,
			);
			name = "Hello WorldTests";
			productName = "Hello WorldTests";
			productReference = 6EEE46BC1BE46A370055D68C /* Hello WorldTests.xctest */;
			productType = "com.apple.product-type.bundle.unit-test";
		};
		6EEE46C61BE46A370055D68C /* Hello WorldUITests */ = {
			isa = PBXNativeTarget;
			buildConfigurationList = 6EEE46D61BE46A370055D68C /* Build configuration list for PBXNativeTarget "Hello WorldUITests" */;
			buildPhases = (
				6EEE46C31BE46A370055D68C /* Sources */,
				6EEE46C41BE46A370055D68C /* Frameworks */,
				6EEE46C51BE46A370055D68C /* Resources */,
			);
			buildRules = (
			);
			dependencies = (
				6EEE46C91BE46A370055D68C /* PBXTargetDependency */,
			);
			name = "Hello WorldUITests";
			productName = "Hello WorldUITests";
			productReference = 6EEE46C71BE46A370055D68C /* Hello WorldUITests.xctest */;
			productType = "com.apple.product-type.bundle.ui-testing";
		};
/* End PBXNativeTarget section */

/* Begin PBXProject section */
		6EEE46A01BE46A370055D68C /* Project object */ = {
			isa = PBXProject;
			attributes = {
				LastSwiftUpdateCheck = 0710;
				LastUpgradeCheck = 0710;
				ORGANIZATIONNAME = MSi;
				TargetAttributes = {
					6EEE46A71BE46A370055D68C = {
						CreatedOnToolsVersion = 7.1;
					};
					6EEE46BB1BE46A370055D68C = {
						CreatedOnToolsVersion = 7.1;
						TestTargetID = 6EEE46A71BE46A370055D68C;
					};
					6EEE46C61BE46A370055D68C = {
						CreatedOnToolsVersion = 7.1;
						TestTargetID = 6EEE46A71BE46A370055D68C;
					};
				};
			};
			buildConfigurationList = 6EEE46A31BE46A370055D68C /* Build configuration list for PBXProject "Hello World" */;
			compatibilityVersion = "Xcode 3.2";
			developmentRegion = English;
			hasScannedForEncodings = 0;
			knownRegions = (
				en,
				Base,
			);
			mainGroup = 6EEE469F1BE46A370055D68C;
			productRefGroup = 6EEE46A91BE46A370055D68C /* Products */;
			projectDirPath = "";
			projectRoot = "";
			targets = (
				6EEE46A71BE46A370055D68C /* Hello World */,
				6EEE46BB1BE46A370055D68C /* Hello WorldTests */,
				6EEE46C61BE46A370055D68C /* Hello WorldUITests */,
			);
		};
/* End PBXProject section */

/* Begin PBXResourcesBuildPhase section */
		6EEE46A61BE46A370055D68C /* Resources */ = {
			isa = PBXResourcesBuildPhase;
			buildActionMask = 2147483647;
			files = (
				6EEE46B61BE46A370055D68C /* LaunchScreen.storyboard in Resources */,
			);
			runOnlyForDeploymentPostprocessing = 0;
		};
		6EEE46BA1BE46A370055D68C /* Resources */ = {
			isa = PBXResourcesBuildPhase;
			buildActionMask = 2147483647;
			files = (
			);
			runOnlyForDeploymentPostprocessing = 0;
		};
		6EEE46C51BE46A370055D68C /* Resources */ = {
			isa = PBXResourcesBuildPhase;
			buildActionMask = 2147483647;
			files = (
			);
			runOnlyForDeploymentPostprocessing = 0;
		};
/* End PBXResourcesBuildPhase section */

/* Begin PBXSourcesBuildPhase section */
		6EEE46A41BE46A370055D68C /* Sources */ = {
			isa = PBXSourcesBuildPhase;
			buildActionMask = 2147483647;
			files = (
				6EEE46AC1BE46A370055D68C /* AppDelegate.swift in Sources */,
				6EEE46DC1BE46E180055D68C /* HelloViewController.swift in Sources */,
			);
			runOnlyForDeploymentPostprocessing = 0;
		};
		6EEE46B81BE46A370055D68C /* Sources */ = {
			isa = PBXSourcesBuildPhase;
			buildActionMask = 2147483647;
			files = (
				6EEE46C11BE46A370055D68C /* Hello_WorldTests.swift in Sources */,
			);
			runOnlyForDeploymentPostprocessing = 0;
		};
		6EEE46C31BE46A370055D68C /* Sources */ = {
			isa = PBXSourcesBuildPhase;
			buildActionMask = 2147483647;
			files = (
				6EEE46CC1BE46A370055D68C /* Hello_WorldUITests.swift in Sources */,
			);
			runOnlyForDeploymentPostprocessing = 0;
		};
/* End PBXSourcesBuildPhase section */

/* Begin PBXTargetDependency section */
		6EEE46BE1BE46A370055D68C /* PBXTargetDependency */ = {
			isa = PBXTargetDependency;
			target = 6EEE46A71BE46A370055D68C /* Hello World */;
			targetProxy = 6EEE46BD1BE46A370055D68C /* PBXContainerItemProxy */;
		};
		6EEE46C91BE46A370055D68C /* PBXTargetDependency */ = {
			isa = PBXTargetDependency;
			target = 6EEE46A71BE46A370055D68C /* Hello World */;
			targetProxy = 6EEE46C81BE46A370055D68C /* PBXContainerItemProxy */;
		};
/* End PBXTargetDependency section */

/* Begin PBXVariantGroup section */
		6EEE46B41BE46A370055D68C /* LaunchScreen.storyboard */ = {
			isa = PBXVariantGroup;
			children = (
				6EEE46B51BE46A370055D68C /* Base */,
			);
			name = LaunchScreen.storyboard;
			sourceTree = "<group>";
		};
/* End PBXVariantGroup section */

/* Begin XCBuildConfiguration section */
		6EEE46CE1BE46A370055D68C /* Debug */ = {
			isa = XCBuildConfiguration;
			buildSettings = {
				ALWAYS_SEARCH_USER_PATHS = NO;
				CLANG_CXX_LANGUAGE_STANDARD = "gnu++0x";
				CLANG_CXX_LIBRARY = "libc++";
				CLANG_ENABLE_MODULES = YES;
				CLANG_ENABLE_OBJC_ARC = YES;
				CLANG_WARN_BOOL_CONVERSION = YES;
				CLANG_WARN_CONSTANT_CONVERSION = YES;
				CLANG_WARN_DIRECT_OBJC_ISA_USAGE = YES_ERROR;
				CLANG_WARN_EMPTY_BODY = YES;
				CLANG_WARN_ENUM_CONVERSION = YES;
				CLANG_WARN_INT_CONVERSION = YES;
				CLANG_WARN_OBJC_ROOT_CLASS = YES_ERROR;
				CLANG_WARN_UNREACHABLE_CODE = YES;
				CLANG_WARN__DUPLICATE_METHOD_MATCH = YES;
				"CODE_SIGN_IDENTITY[sdk=iphoneos*]" = "iPhone Developer";
				COPY_PHASE_STRIP = NO;
				DEBUG_INFORMATION_FORMAT = dwarf;
				ENABLE_STRICT_OBJC_MSGSEND = YES;
				ENABLE_TESTABILITY = YES;
				GCC_C_LANGUAGE_STANDARD = gnu99;
				GCC_DYNAMIC_NO_PIC = NO;
				GCC_NO_COMMON_BLOCKS = YES;
				GCC_OPTIMIZATION_LEVEL = 0;
				GCC_PREPROCESSOR_DEFINITIONS = (
					"DEBUG=1",
					"$(inherited)",
				);
				GCC_WARN_64_TO_32_BIT_CONVERSION = YES;
				GCC_WARN_ABOUT_RETURN_TYPE = YES_ERROR;
				GCC_WARN_UNDECLARED_SELECTOR = YES;
				GCC_WARN_UNINITIALIZED_AUTOS = YES_AGGRESSIVE;
				GCC_WARN_UNUSED_FUNCTION = YES;
				GCC_WARN_UNUSED_VARIABLE = YES;
				IPHONEOS_DEPLOYMENT_TARGET = 9.1;
				MTL_ENABLE_DEBUG_INFO = YES;
				ONLY_ACTIVE_ARCH = YES;
				SDKROOT = iphoneos;
				SWIFT_OPTIMIZATION_LEVEL = "-Onone";
			};
			name = Debug;
		};
		6EEE46CF1BE46A370055D68C /* Release */ = {
			isa = XCBuildConfiguration;
			buildSettings = {
				ALWAYS_SEARCH_USER_PATHS = NO;
				CLANG_CXX_LANGUAGE_STANDARD = "gnu++0x";
				CLANG_CXX_LIBRARY = "libc++";
				CLANG_ENABLE_MODULES = YES;
				CLANG_ENABLE_OBJC_ARC = YES;
				CLANG_WARN_BOOL_CONVERSION = YES;
				CLANG_WARN_CONSTANT_CONVERSION = YES;
				CLANG_WARN_DIRECT_OBJC_ISA_USAGE = YES_ERROR;
				CLANG_WARN_EMPTY_BODY = YES;
				CLANG_WARN_ENUM_CONVERSION = YES;
				CLANG_WARN_INT_CONVERSION = YES;
				CLANG_WARN_OBJC_ROOT_CLASS = YES_ERROR;
				CLANG_WARN_UNREACHABLE_CODE = YES;
				CLANG_WARN__DUPLICATE_METHOD_MATCH = YES;
				"CODE_SIGN_IDENTITY[sdk=iphoneos*]" = "iPhone Developer";
				COPY_PHASE_STRIP = NO;
				DEBUG_INFORMATION_FORMAT = "dwarf-with-dsym";
				ENABLE_NS_ASSERTIONS = NO;
				ENABLE_STRICT_OBJC_MSGSEND = YES;
				GCC_C_LANGUAGE_STANDARD = gnu99;
				GCC_NO_COMMON_BLOCKS = YES;
				GCC_WARN_64_TO_32_BIT_CONVERSION = YES;
				GCC_WARN_ABOUT_RETURN_TYPE = YES_ERROR;
				GCC_WARN_UNDECLARED_SELECTOR = YES;
				GCC_WARN_UNINITIALIZED_AUTOS = YES_AGGRESSIVE;
				GCC_WARN_UNUSED_FUNCTION = YES;
				GCC_WARN_UNUSED_VARIABLE = YES;
				IPHONEOS_DEPLOYMENT_TARGET = 9.1;
				MTL_ENABLE_DEBUG_INFO = NO;
				SDKROOT = iphoneos;
				VALIDATE_PRODUCT = YES;
			};
			name = Release;
		};
		6EEE46D11BE46A370055D68C /* Debug */ = {
			isa = XCBuildConfiguration;
			buildSettings = {
				ASSETCATALOG_COMPILER_APPICON_NAME = AppIcon;
				INFOPLIST_FILE = "Hello World/Info.plist";
				LD_RUNPATH_SEARCH_PATHS = "$(inherited) @executable_path/Frameworks";
				PRODUCT_BUNDLE_IDENTIFIER = "com.msi.Hello-World";
				PRODUCT_NAME = "$(TARGET_NAME)";
			};
			name = Debug;
		};
		6EEE46D21BE46A370055D68C /* Release */ = {
			isa = XCBuildConfiguration;
			buildSettings = {
				ASSETCATALOG_COMPILER_APPICON_NAME = AppIcon;
				INFOPLIST_FILE = "Hello World/Info.plist";
				LD_RUNPATH_SEARCH_PATHS = "$(inherited) @executable_path/Frameworks";
				PRODUCT_BUNDLE_IDENTIFIER = "com.msi.Hello-World";
				PRODUCT_NAME = "$(TARGET_NAME)";
			};
			name = Release;
		};
		6EEE46D41BE46A370055D68C /* Debug */ = {
			isa = XCBuildConfiguration;
			buildSettings = {
				BUNDLE_LOADER = "$(TEST_HOST)";
				INFOPLIST_FILE = "Hello WorldTests/Info.plist";
				LD_RUNPATH_SEARCH_PATHS = "$(inherited) @executable_path/Frameworks @loader_path/Frameworks";
				PRODUCT_BUNDLE_IDENTIFIER = "com.msi.Hello-WorldTests";
				PRODUCT_NAME = "$(TARGET_NAME)";
				TEST_HOST = "$(BUILT_PRODUCTS_DIR)/Hello World.app/Hello World";
			};
			name = Debug;
		};
		6EEE46D51BE46A370055D68C /* Release */ = {
			isa = XCBuildConfiguration;
			buildSettings = {
				BUNDLE_LOADER = "$(TEST_HOST)";
				INFOPLIST_FILE = "Hello WorldTests/Info.plist";
				LD_RUNPATH_SEARCH_PATHS = "$(inherited) @executable_path/Frameworks @loader_path/Frameworks";
				PRODUCT_BUNDLE_IDENTIFIER = "com.msi.Hello-WorldTests";
				PRODUCT_NAME = "$(TARGET_NAME)";
				TEST_HOST = "$(BUILT_PRODUCTS_DIR)/Hello World.app/Hello World";
			};
			name = Release;
		};
		6EEE46D71BE46A370055D68C /* Debug */ = {
			isa = XCBuildConfiguration;
			buildSettings = {
				INFOPLIST_FILE = "Hello WorldUITests/Info.plist";
				LD_RUNPATH_SEARCH_PATHS = "$(inherited) @executable_path/Frameworks @loader_path/Frameworks";
				PRODUCT_BUNDLE_IDENTIFIER = "com.msi.Hello-WorldUITests";
				PRODUCT_NAME = "$(TARGET_NAME)";
				TEST_TARGET_NAME = "Hello World";
				USES_XCTRUNNER = YES;
			};
			name = Debug;
		};
		6EEE46D81BE46A370055D68C /* Release */ = {
			isa = XCBuildConfiguration;
			buildSettings = {
				INFOPLIST_FILE = "Hello WorldUITests/Info.plist";
				LD_RUNPATH_SEARCH_PATHS = "$(inherited) @executable_path/Frameworks @loader_path/Frameworks";
				PRODUCT_BUNDLE_IDENTIFIER = "com.msi.Hello-WorldUITests";
				PRODUCT_NAME = "$(TARGET_NAME)";
				TEST_TARGET_NAME = "Hello World";
				USES_XCTRUNNER = YES;
			};
			name = Release;
		};
/* End XCBuildConfiguration section */

/* Begin XCConfigurationList section */
		6EEE46A31BE46A370055D68C /* Build configuration list for PBXProject "Hello World" */ = {
			isa = XCConfigurationList;
			buildConfigurations = (
				6EEE46CE1BE46A370055D68C /* Debug */,
				6EEE46CF1BE46A370055D68C /* Release */,
			);
			defaultConfigurationIsVisible = 0;
			defaultConfigurationName = Release;
		};
		6EEE46D01BE46A370055D68C /* Build configuration list for PBXNativeTarget "Hello World" */ = {
			isa = XCConfigurationList;
			buildConfigurations = (
				6EEE46D11BE46A370055D68C /* Debug */,
				6EEE46D21BE46A370055D68C /* Release */,
			);
			defaultConfigurationIsVisible = 0;
			defaultConfigurationName = Release;
		};
		6EEE46D31BE46A370055D68C /* Build configuration list for PBXNativeTarget "Hello WorldTests" */ = {
			isa = XCConfigurationList;
			buildConfigurations = (
				6EEE46D41BE46A370055D68C /* Debug */,
				6EEE46D51BE46A370055D68C /* Release */,
			);
			defaultConfigurationIsVisible = 0;
			defaultConfigurationName = Release;
		};
		6EEE46D61BE46A370055D68C /* Build configuration list for PBXNativeTarget "Hello WorldUITests" */ = {
			isa = XCConfigurationList;
			buildConfigurations = (
				6EEE46D71BE46A370055D68C /* Debug */,
				6EEE46D81BE46A370055D68C /* Release */,
			);
			defaultConfigurationIsVisible = 0;
			defaultConfigurationName = Release;
		};
/* End XCConfigurationList section */
	};
	rootObject = 6EEE46A01BE46A370055D68C /* Project object */;
}
